// !$*UTF8*$!
{
	archiveVersion = 1;
	classes = {
	};
	objectVersion = 46;
	objects = {

/* Begin PBXBuildFile section */
		695E8BDB1D3691CA00BB779F /* EngineTest.swift in Sources */ = {isa = PBXBuildFile; fileRef = 695E8BDA1D3691CA00BB779F /* EngineTest.swift */; };
		69A4AD171D2FEE41008963FB /* AppDelegate.swift in Sources */ = {isa = PBXBuildFile; fileRef = 69A4AD161D2FEE41008963FB /* AppDelegate.swift */; };
		69A4AD191D2FEE41008963FB /* ViewController.swift in Sources */ = {isa = PBXBuildFile; fileRef = 69A4AD181D2FEE41008963FB /* ViewController.swift */; };
		69A4AD1C1D2FEE41008963FB /* Main.storyboard in Resources */ = {isa = PBXBuildFile; fileRef = 69A4AD1A1D2FEE41008963FB /* Main.storyboard */; };
		69A4AD1E1D2FEE41008963FB /* Assets.xcassets in Resources */ = {isa = PBXBuildFile; fileRef = 69A4AD1D1D2FEE41008963FB /* Assets.xcassets */; };
		69A4AD211D2FEE41008963FB /* LaunchScreen.storyboard in Resources */ = {isa = PBXBuildFile; fileRef = 69A4AD1F1D2FEE41008963FB /* LaunchScreen.storyboard */; };
		69A4AD291D2FEE66008963FB /* SFEncrypt.swift in Sources */ = {isa = PBXBuildFile; fileRef = 69A4AD281D2FEE66008963FB /* SFEncrypt.swift */; };
		69A4AD2B1D2FEE98008963FB /* Security.framework in Frameworks */ = {isa = PBXBuildFile; fileRef = 69A4AD2A1D2FEE98008963FB /* Security.framework */; };
		69A4AD2F1D2FEF0C008963FB /* TestObject.m in Sources */ = {isa = PBXBuildFile; fileRef = 69A4AD2E1D2FEF0C008963FB /* TestObject.m */; };
/* End PBXBuildFile section */

/* Begin PBXFileReference section */
		695E8BDA1D3691CA00BB779F /* EngineTest.swift */ = {isa = PBXFileReference; fileEncoding = 4; lastKnownFileType = sourcecode.swift; path = EngineTest.swift; sourceTree = "<group>"; };
		69A4AD131D2FEE41008963FB /* SSencrypt.app */ = {isa = PBXFileReference; explicitFileType = wrapper.application; includeInIndex = 0; path = SSencrypt.app; sourceTree = BUILT_PRODUCTS_DIR; };
		69A4AD161D2FEE41008963FB /* AppDelegate.swift */ = {isa = PBXFileReference; lastKnownFileType = sourcecode.swift; path = AppDelegate.swift; sourceTree = "<group>"; };
		69A4AD181D2FEE41008963FB /* ViewController.swift */ = {isa = PBXFileReference; lastKnownFileType = sourcecode.swift; path = ViewController.swift; sourceTree = "<group>"; };
		69A4AD1B1D2FEE41008963FB /* Base */ = {isa = PBXFileReference; lastKnownFileType = file.storyboard; name = Base; path = Base.lproj/Main.storyboard; sourceTree = "<group>"; };
		69A4AD1D1D2FEE41008963FB /* Assets.xcassets */ = {isa = PBXFileReference; lastKnownFileType = folder.assetcatalog; path = Assets.xcassets; sourceTree = "<group>"; };
		69A4AD201D2FEE41008963FB /* Base */ = {isa = PBXFileReference; lastKnownFileType = file.storyboard; name = Base; path = Base.lproj/LaunchScreen.storyboard; sourceTree = "<group>"; };
		69A4AD221D2FEE41008963FB /* Info.plist */ = {isa = PBXFileReference; lastKnownFileType = text.plist.xml; path = Info.plist; sourceTree = "<group>"; };
		69A4AD281D2FEE66008963FB /* SFEncrypt.swift */ = {isa = PBXFileReference; fileEncoding = 4; lastKnownFileType = sourcecode.swift; path = SFEncrypt.swift; sourceTree = "<group>"; };
		69A4AD2A1D2FEE98008963FB /* Security.framework */ = {isa = PBXFileReference; lastKnownFileType = wrapper.framework; name = Security.framework; path = System/Library/Frameworks/Security.framework; sourceTree = SDKROOT; };
		69A4AD2C1D2FEF0B008963FB /* SSencrypt-Bridging-Header.h */ = {isa = PBXFileReference; lastKnownFileType = sourcecode.c.h; path = "SSencrypt-Bridging-Header.h"; sourceTree = "<group>"; };
		69A4AD2D1D2FEF0C008963FB /* TestObject.h */ = {isa = PBXFileReference; fileEncoding = 4; lastKnownFileType = sourcecode.c.h; path = TestObject.h; sourceTree = "<group>"; };
		69A4AD2E1D2FEF0C008963FB /* TestObject.m */ = {isa = PBXFileReference; fileEncoding = 4; lastKnownFileType = sourcecode.c.objc; path = TestObject.m; sourceTree = "<group>"; };
/* End PBXFileReference section */

/* Begin PBXFrameworksBuildPhase section */
		69A4AD101D2FEE41008963FB /* Frameworks */ = {
			isa = PBXFrameworksBuildPhase;
			buildActionMask = 2147483647;
			files = (
				69A4AD2B1D2FEE98008963FB /* Security.framework in Frameworks */,
			);
			runOnlyForDeploymentPostprocessing = 0;
		};
/* End PBXFrameworksBuildPhase section */

/* Begin PBXGroup section */
		69A4AD0A1D2FEE41008963FB = {
			isa = PBXGroup;
			children = (
				695E8BDA1D3691CA00BB779F /* EngineTest.swift */,
				69A4AD2D1D2FEF0C008963FB /* TestObject.h */,
				69A4AD2E1D2FEF0C008963FB /* TestObject.m */,
				69A4AD2A1D2FEE98008963FB /* Security.framework */,
				69A4AD151D2FEE41008963FB /* SSencrypt */,
				69A4AD141D2FEE41008963FB /* Products */,
				69A4AD2C1D2FEF0B008963FB /* SSencrypt-Bridging-Header.h */,
			);
			sourceTree = "<group>";
		};
		69A4AD141D2FEE41008963FB /* Products */ = {
			isa = PBXGroup;
			children = (
				69A4AD131D2FEE41008963FB /* SSencrypt.app */,
			);
			name = Products;
			sourceTree = "<group>";
		};
		69A4AD151D2FEE41008963FB /* SSencrypt */ = {
			isa = PBXGroup;
			children = (
				69A4AD161D2FEE41008963FB /* AppDelegate.swift */,
				69A4AD181D2FEE41008963FB /* ViewController.swift */,
				69A4AD1A1D2FEE41008963FB /* Main.storyboard */,
				69A4AD1D1D2FEE41008963FB /* Assets.xcassets */,
				69A4AD1F1D2FEE41008963FB /* LaunchScreen.storyboard */,
				69A4AD221D2FEE41008963FB /* Info.plist */,
				69A4AD281D2FEE66008963FB /* SFEncrypt.swift */,
			);
			path = SSencrypt;
			sourceTree = "<group>";
		};
/* End PBXGroup section */

/* Begin PBXNativeTarget section */
		69A4AD121D2FEE41008963FB /* SSencrypt */ = {
			isa = PBXNativeTarget;
			buildConfigurationList = 69A4AD251D2FEE41008963FB /* Build configuration list for PBXNativeTarget "SSencrypt" */;
			buildPhases = (
				69A4AD0F1D2FEE41008963FB /* Sources */,
				69A4AD101D2FEE41008963FB /* Frameworks */,
				69A4AD111D2FEE41008963FB /* Resources */,
			);
			buildRules = (
			);
			dependencies = (
			);
			name = SSencrypt;
			productName = SSencrypt;
			productReference = 69A4AD131D2FEE41008963FB /* SSencrypt.app */;
			productType = "com.apple.product-type.application";
		};
/* End PBXNativeTarget section */

/* Begin PBXProject section */
		69A4AD0B1D2FEE41008963FB /* Project object */ = {
			isa = PBXProject;
			attributes = {
				LastSwiftUpdateCheck = 0730;
				LastUpgradeCheck = 0730;
				ORGANIZATIONNAME = "Kong XiangBo";
				TargetAttributes = {
					69A4AD121D2FEE41008963FB = {
						CreatedOnToolsVersion = 7.3.1;
					};
				};
			};
			buildConfigurationList = 69A4AD0E1D2FEE41008963FB /* Build configuration list for PBXProject "SSencrypt" */;
			compatibilityVersion = "Xcode 3.2";
			developmentRegion = English;
			hasScannedForEncodings = 0;
			knownRegions = (
				en,
				Base,
			);
			mainGroup = 69A4AD0A1D2FEE41008963FB;
			productRefGroup = 69A4AD141D2FEE41008963FB /* Products */;
			projectDirPath = "";
			projectRoot = "";
			targets = (
				69A4AD121D2FEE41008963FB /* SSencrypt */,
			);
		};
/* End PBXProject section */

/* Begin PBXResourcesBuildPhase section */
		69A4AD111D2FEE41008963FB /* Resources */ = {
			isa = PBXResourcesBuildPhase;
			buildActionMask = 2147483647;
			files = (
				69A4AD211D2FEE41008963FB /* LaunchScreen.storyboard in Resources */,
				69A4AD1E1D2FEE41008963FB /* Assets.xcassets in Resources */,
				69A4AD1C1D2FEE41008963FB /* Main.storyboard in Resources */,
			);
			runOnlyForDeploymentPostprocessing = 0;
		};
/* End PBXResourcesBuildPhase section */

/* Begin PBXSourcesBuildPhase section */
		69A4AD0F1D2FEE41008963FB /* Sources */ = {
			isa = PBXSourcesBuildPhase;
			buildActionMask = 2147483647;
			files = (
				695E8BDB1D3691CA00BB779F /* EngineTest.swift in Sources */,
				69A4AD191D2FEE41008963FB /* ViewController.swift in Sources */,
				69A4AD291D2FEE66008963FB /* SFEncrypt.swift in Sources */,
				69A4AD2F1D2FEF0C008963FB /* TestObject.m in Sources */,
				69A4AD171D2FEE41008963FB /* AppDelegate.swift in Sources */,
			);
			runOnlyForDeploymentPostprocessing = 0;
		};
/* End PBXSourcesBuildPhase section */

/* Begin PBXVariantGroup section */
		69A4AD1A1D2FEE41008963FB /* Main.storyboard */ = {
			isa = PBXVariantGroup;
			children = (
				69A4AD1B1D2FEE41008963FB /* Base */,
			);
			name = Main.storyboard;
			sourceTree = "<group>";
		};
		69A4AD1F1D2FEE41008963FB /* LaunchScreen.storyboard */ = {
			isa = PBXVariantGroup;
			children = (
				69A4AD201D2FEE41008963FB /* Base */,
			);
			name = LaunchScreen.storyboard;
			sourceTree = "<group>";
		};
/* End PBXVariantGroup section */

/* Begin XCBuildConfiguration section */
		69A4AD231D2FEE41008963FB /* Debug */ = {
			isa = XCBuildConfiguration;
			buildSettings = {
				ALWAYS_SEARCH_USER_PATHS = NO;
				CLANG_ANALYZER_NONNULL = YES;
				CLANG_CXX_LANGUAGE_STANDARD = "gnu++0x";
				CLANG_CXX_LIBRARY = "libc++";
				CLANG_ENABLE_MODULES = YES;
				CLANG_ENABLE_OBJC_ARC = YES;
				CLANG_WARN_BOOL_CONVERSION = YES;
				CLANG_WARN_CONSTANT_CONVERSION = YES;
				CLANG_WARN_DIRECT_OBJC_ISA_USAGE = YES_ERROR;
				CLANG_WARN_EMPTY_BODY = YES;
				CLANG_WARN_ENUM_CONVERSION = YES;
				CLANG_WARN_INT_CONVERSION = YES;
				CLANG_WARN_OBJC_ROOT_CLASS = YES_ERROR;
				CLANG_WARN_UNREACHABLE_CODE = YES;
				CLANG_WARN__DUPLICATE_METHOD_MATCH = YES;
				"CODE_SIGN_IDENTITY[sdk=iphoneos*]" = "iPhone Developer";
				COPY_PHASE_STRIP = NO;
				DEBUG_INFORMATION_FORMAT = dwarf;
				ENABLE_STRICT_OBJC_MSGSEND = YES;
				ENABLE_TESTABILITY = YES;
				GCC_C_LANGUAGE_STANDARD = gnu99;
				GCC_DYNAMIC_NO_PIC = NO;
				GCC_NO_COMMON_BLOCKS = YES;
				GCC_OPTIMIZATION_LEVEL = 0;
				GCC_PREPROCESSOR_DEFINITIONS = (
					"DEBUG=1",
					"$(inherited)",
				);
				GCC_WARN_64_TO_32_BIT_CONVERSION = YES;
				GCC_WARN_ABOUT_RETURN_TYPE = YES_ERROR;
				GCC_WARN_UNDECLARED_SELECTOR = YES;
				GCC_WARN_UNINITIALIZED_AUTOS = YES_AGGRESSIVE;
				GCC_WARN_UNUSED_FUNCTION = YES;
				GCC_WARN_UNUSED_VARIABLE = YES;
				IPHONEOS_DEPLOYMENT_TARGET = 9.3;
				MTL_ENABLE_DEBUG_INFO = YES;
				ONLY_ACTIVE_ARCH = YES;
				SDKROOT = iphoneos;
				SWIFT_OPTIMIZATION_LEVEL = "-Onone";
			};
			name = Debug;
		};
		69A4AD241D2FEE41008963FB /* Release */ = {
			isa = XCBuildConfiguration;
			buildSettings = {
				ALWAYS_SEARCH_USER_PATHS = NO;
				CLANG_ANALYZER_NONNULL = YES;
				CLANG_CXX_LANGUAGE_STANDARD = "gnu++0x";
				CLANG_CXX_LIBRARY = "libc++";
				CLANG_ENABLE_MODULES = YES;
				CLANG_ENABLE_OBJC_ARC = YES;
				CLANG_WARN_BOOL_CONVERSION = YES;
				CLANG_WARN_CONSTANT_CONVERSION = YES;
				CLANG_WARN_DIRECT_OBJC_ISA_USAGE = YES_ERROR;
				CLANG_WARN_EMPTY_BODY = YES;
				CLANG_WARN_ENUM_CONVERSION = YES;
				CLANG_WARN_INT_CONVERSION = YES;
				CLANG_WARN_OBJC_ROOT_CLASS = YES_ERROR;
				CLANG_WARN_UNREACHABLE_CODE = YES;
				CLANG_WARN__DUPLICATE_METHOD_MATCH = YES;
				"CODE_SIGN_IDENTITY[sdk=iphoneos*]" = "iPhone Developer";
				COPY_PHASE_STRIP = NO;
				DEBUG_INFORMATION_FORMAT = "dwarf-with-dsym";
				ENABLE_NS_ASSERTIONS = NO;
				ENABLE_STRICT_OBJC_MSGSEND = YES;
				GCC_C_LANGUAGE_STANDARD = gnu99;
				GCC_NO_COMMON_BLOCKS = YES;
				GCC_WARN_64_TO_32_BIT_CONVERSION = YES;
				GCC_WARN_ABOUT_RETURN_TYPE = YES_ERROR;
				GCC_WARN_UNDECLARED_SELECTOR = YES;
				GCC_WARN_UNINITIALIZED_AUTOS = YES_AGGRESSIVE;
				GCC_WARN_UNUSED_FUNCTION = YES;
				GCC_WARN_UNUSED_VARIABLE = YES;
				IPHONEOS_DEPLOYMENT_TARGET = 9.3;
				MTL_ENABLE_DEBUG_INFO = NO;
				SDKROOT = iphoneos;
				VALIDATE_PRODUCT = YES;
			};
			name = Release;
		};
		69A4AD261D2FEE41008963FB /* Debug */ = {
			isa = XCBuildConfiguration;
			buildSettings = {
				ASSETCATALOG_COMPILER_APPICON_NAME = AppIcon;
				CLANG_ENABLE_MODULES = YES;
				INFOPLIST_FILE = SSencrypt/Info.plist;
				LD_RUNPATH_SEARCH_PATHS = "$(inherited) @executable_path/Frameworks";
				PRODUCT_BUNDLE_IDENTIFIER = com.yarshure.SSencrypt;
				PRODUCT_NAME = "$(TARGET_NAME)";
				SWIFT_OBJC_BRIDGING_HEADER = "SSencrypt-Bridging-Header.h";
				SWIFT_OPTIMIZATION_LEVEL = "-Onone";
			};
			name = Debug;
		};
		69A4AD271D2FEE41008963FB /* Release */ = {
			isa = XCBuildConfiguration;
			buildSettings = {
				ASSETCATALOG_COMPILER_APPICON_NAME = AppIcon;
				CLANG_ENABLE_MODULES = YES;
				INFOPLIST_FILE = SSencrypt/Info.plist;
				LD_RUNPATH_SEARCH_PATHS = "$(inherited) @executable_path/Frameworks";
				PRODUCT_BUNDLE_IDENTIFIER = com.yarshure.SSencrypt;
				PRODUCT_NAME = "$(TARGET_NAME)";
				SWIFT_OBJC_BRIDGING_HEADER = "SSencrypt-Bridging-Header.h";
			};
			name = Release;
		};
/* End XCBuildConfiguration section */

/* Begin XCConfigurationList section */
		69A4AD0E1D2FEE41008963FB /* Build configuration list for PBXProject "SSencrypt" */ = {
			isa = XCConfigurationList;
			buildConfigurations = (
				69A4AD231D2FEE41008963FB /* Debug */,
				69A4AD241D2FEE41008963FB /* Release */,
			);
			defaultConfigurationIsVisible = 0;
			defaultConfigurationName = Release;
		};
		69A4AD251D2FEE41008963FB /* Build configuration list for PBXNativeTarget "SSencrypt" */ = {
			isa = XCConfigurationList;
			buildConfigurations = (
				69A4AD261D2FEE41008963FB /* Debug */,
				69A4AD271D2FEE41008963FB /* Release */,
			);
			defaultConfigurationIsVisible = 0;
			defaultConfigurationName = Release;
		};
/* End XCConfigurationList section */
	};
	rootObject = 69A4AD0B1D2FEE41008963FB /* Project object */;
}
